
Microsoft Visual Studio Solution File, Format Version 12.00
# Visual Studio Version 16
VisualStudioVersion = 16.0.29709.97
MinimumVisualStudioVersion = 10.0.40219.1
Project("{FAE04EC0-301F-11D3-BF4B-00C04F79EFBC}") = "ByndyuBackend", "ByndyuBackend\ByndyuBackend.csproj", "{26E3CDF2-C557-452B-9939-926510C38A3A}"
EndProject
Project("{FAE04EC0-301F-11D3-BF4B-00C04F79EFBC}") = "Solver", "SummerTwoMinArr\Solver.csproj", "{36D56602-EFF2-40DC-BA3F-F4D9F4AAADA7}"
EndProject
Project("{FAE04EC0-301F-11D3-BF4B-00C04F79EFBC}") = "Solver.Tests", "Solver.Tests\Solver.Tests.csproj", "{02A246FB-6DD3-42F0-882E-EC8130551FCB}"
EndProject
Global
	GlobalSection(SolutionConfigurationPlatforms) = preSolution
		Debug|Any CPU = Debug|Any CPU
		Release|Any CPU = Release|Any CPU
	EndGlobalSection
	GlobalSection(ProjectConfigurationPlatforms) = postSolution
		{26E3CDF2-C557-452B-9939-926510C38A3A}.Debug|Any CPU.ActiveCfg = Debug|Any CPU
		{26E3CDF2-C557-452B-9939-926510C38A3A}.Debug|Any CPU.Build.0 = Debug|Any CPU
		{26E3CDF2-C557-452B-9939-926510C38A3A}.Release|Any CPU.ActiveCfg = Release|Any CPU
		{26E3CDF2-C557-452B-9939-926510C38A3A}.Release|Any CPU.Build.0 = Release|Any CPU
		{36D56602-EFF2-40DC-BA3F-F4D9F4AAADA7}.Debug|Any CPU.ActiveCfg = Debug|Any CPU
		{36D56602-EFF2-40DC-BA3F-F4D9F4AAADA7}.Debug|Any CPU.Build.0 = Debug|Any CPU
		{36D56602-EFF2-40DC-BA3F-F4D9F4AAADA7}.Release|Any CPU.ActiveCfg = Release|Any CPU
		{36D56602-EFF2-40DC-BA3F-F4D9F4AAADA7}.Release|Any CPU.Build.0 = Release|Any CPU
		{02A246FB-6DD3-42F0-882E-EC8130551FCB}.Debug|Any CPU.ActiveCfg = Debug|Any CPU
		{02A246FB-6DD3-42F0-882E-EC8130551FCB}.Debug|Any CPU.Build.0 = Debug|Any CPU
		{02A246FB-6DD3-42F0-882E-EC8130551FCB}.Release|Any CPU.ActiveCfg = Release|Any CPU
		{02A246FB-6DD3-42F0-882E-EC8130551FCB}.Release|Any CPU.Build.0 = Release|Any CPU
	EndGlobalSection
	GlobalSection(SolutionProperties) = preSolution
		HideSolutionNode = FALSE
	EndGlobalSection
	GlobalSection(ExtensibilityGlobals) = postSolution
		SolutionGuid = {38E33CB5-438F-4151-83CC-B03801724EEA}
	EndGlobalSection
EndGlobal
